// !$*UTF8*$!
{
	archiveVersion = 1;
	classes = {
	};
	objectVersion = 77;
	objects = {

/* Begin PBXBuildFile section */
		F59AFE062F2CF2C500918C20 /* RenameGroupView.swift in Sources */ = {isa = PBXBuildFile; fileRef = F59AFDFE2F2CF2C500918C20 /* RenameGroupView.swift */; };
		F59AFE072F2CF2C500918C20 /* VisualScheduleView.swift in Sources */ = {isa = PBXBuildFile; fileRef = F59AFE002F2CF2C500918C20 /* VisualScheduleView.swift */; };
		F59AFE082F2CF2C500918C20 /* PowerOffScraper.swift in Sources */ = {isa = PBXBuildFile; fileRef = F59AFDEC2F2CF2C500918C20 /* PowerOffScraper.swift */; };
		F59AFE092F2CF2C500918C20 /* TabButton.swift in Sources */ = {isa = PBXBuildFile; fileRef = F59AFDF92F2CF2C500918C20 /* TabButton.swift */; };
		F59AFE0B2F2CF2C500918C20 /* ScheduleDetailView.swift in Sources */ = {isa = PBXBuildFile; fileRef = F59AFDFF2F2CF2C500918C20 /* ScheduleDetailView.swift */; };
		F59AFE0C2F2CF2C500918C20 /* NotificationManager.swift in Sources */ = {isa = PBXBuildFile; fileRef = F59AFDEB2F2CF2C500918C20 /* NotificationManager.swift */; };
		F59AFE0D2F2CF2C500918C20 /* ScheduleGroup.swift in Sources */ = {isa = PBXBuildFile; fileRef = F59AFDE52F2CF2C500918C20 /* ScheduleGroup.swift */; };
		F59AFE0F2F2CF2C500918C20 /* AddScheduleView.swift in Sources */ = {isa = PBXBuildFile; fileRef = F59AFDF62F2CF2C500918C20 /* AddScheduleView.swift */; };
		F59AFE102F2CF2C500918C20 /* ScheduleParser.swift in Sources */ = {isa = PBXBuildFile; fileRef = F59AFDED2F2CF2C500918C20 /* ScheduleParser.swift */; };
		F59AFE112F2CF2C500918C20 /* ScheduleViewModel.swift in Sources */ = {isa = PBXBuildFile; fileRef = F59AFDF32F2CF2C500918C20 /* ScheduleViewModel.swift */; };
		F59AFE122F2CF2C500918C20 /* NotificationsTabView.swift in Sources */ = {isa = PBXBuildFile; fileRef = F59AFDFB2F2CF2C500918C20 /* NotificationsTabView.swift */; };
		F59AFE132F2CF2C500918C20 /* GroupCardView.swift in Sources */ = {isa = PBXBuildFile; fileRef = F59AFDF82F2CF2C500918C20 /* GroupCardView.swift */; };
		F59AFE142F2CF2C500918C20 /* ScheduleSearchService.swift in Sources */ = {isa = PBXBuildFile; fileRef = F59AFDEE2F2CF2C500918C20 /* ScheduleSearchService.swift */; };
		F59AFE152F2CF2C500918C20 /* Localization.swift in Sources */ = {isa = PBXBuildFile; fileRef = F59AFDF12F2CF2C500918C20 /* Localization.swift */; };
		F59AFE172F2CF2C500918C20 /* DiffView.swift in Sources */ = {isa = PBXBuildFile; fileRef = F59AFDFD2F2CF2C500918C20 /* DiffView.swift */; };
		F59AFE182F2CF2C500918C20 /* Light_LvivApp.swift in Sources */ = {isa = PBXBuildFile; fileRef = F59AFDDC2F2CF2C500918C20 /* Light_LvivApp.swift */; };
		F59AFE192F2CF2C500918C20 /* ContentView.swift in Sources */ = {isa = PBXBuildFile; fileRef = F59AFE022F2CF2C500918C20 /* ContentView.swift */; };
		F59AFE1A2F2CF2C500918C20 /* AppTheme.swift in Sources */ = {isa = PBXBuildFile; fileRef = F59AFDF02F2CF2C500918C20 /* AppTheme.swift */; };
		F59AFE1B2F2CF2C500918C20 /* NotificationHistory.swift in Sources */ = {isa = PBXBuildFile; fileRef = F59AFDE42F2CF2C500918C20 /* NotificationHistory.swift */; };
		F59AFE1C2F2CF2C500918C20 /* NotificationHistoryService.swift in Sources */ = {isa = PBXBuildFile; fileRef = F59AFDEA2F2CF2C500918C20 /* NotificationHistoryService.swift */; };
		F59AFE202F2CF2C500918C20 /* Assets.xcassets in Resources */ = {isa = PBXBuildFile; fileRef = F59AFDE72F2CF2C500918C20 /* Assets.xcassets */; };
		F5C9210D2F23942B00C40371 /* SwiftSoup in Frameworks */ = {isa = PBXBuildFile; productRef = F5C9210C2F23942B00C40371 /* SwiftSoup */; };
/* End PBXBuildFile section */

/* Begin PBXContainerItemProxy section */
		F59AFE292F2CF2EF00918C20 /* PBXContainerItemProxy */ = {
			isa = PBXContainerItemProxy;
			containerPortal = F5ACB8EF2F2128BD00CDAD88 /* Project object */;
			proxyType = 1;
			remoteGlobalIDString = F5ACB8F62F2128BD00CDAD88;
			remoteInfo = Light_Lviv;
		};
/* End PBXContainerItemProxy section */

/* Begin PBXFileReference section */
		F59AFDDC2F2CF2C500918C20 /* Light_LvivApp.swift */ = {isa = PBXFileReference; lastKnownFileType = sourcecode.swift; path = Light_LvivApp.swift; sourceTree = "<group>"; };
		F59AFDDE2F2CF2C500918C20 /* Light_Lviv.xcodeproj */ = {isa = PBXFileReference; lastKnownFileType = "wrapper.pb-project"; path = Light_Lviv.xcodeproj; sourceTree = "<group>"; };
		F59AFDE42F2CF2C500918C20 /* NotificationHistory.swift */ = {isa = PBXFileReference; lastKnownFileType = sourcecode.swift; path = NotificationHistory.swift; sourceTree = "<group>"; };
		F59AFDE52F2CF2C500918C20 /* ScheduleGroup.swift */ = {isa = PBXFileReference; lastKnownFileType = sourcecode.swift; path = ScheduleGroup.swift; sourceTree = "<group>"; };
		F59AFDE72F2CF2C500918C20 /* Assets.xcassets */ = {isa = PBXFileReference; lastKnownFileType = folder.assetcatalog; path = Assets.xcassets; sourceTree = "<group>"; };
		F59AFDE82F2CF2C500918C20 /* Info.plist */ = {isa = PBXFileReference; lastKnownFileType = text.plist.xml; path = Info.plist; sourceTree = "<group>"; };
		F59AFDEA2F2CF2C500918C20 /* NotificationHistoryService.swift */ = {isa = PBXFileReference; lastKnownFileType = sourcecode.swift; path = NotificationHistoryService.swift; sourceTree = "<group>"; };
		F59AFDEB2F2CF2C500918C20 /* NotificationManager.swift */ = {isa = PBXFileReference; lastKnownFileType = sourcecode.swift; path = NotificationManager.swift; sourceTree = "<group>"; };
		F59AFDEC2F2CF2C500918C20 /* PowerOffScraper.swift */ = {isa = PBXFileReference; lastKnownFileType = sourcecode.swift; path = PowerOffScraper.swift; sourceTree = "<group>"; };
		F59AFDED2F2CF2C500918C20 /* ScheduleParser.swift */ = {isa = PBXFileReference; lastKnownFileType = sourcecode.swift; path = ScheduleParser.swift; sourceTree = "<group>"; };
		F59AFDEE2F2CF2C500918C20 /* ScheduleSearchService.swift */ = {isa = PBXFileReference; lastKnownFileType = sourcecode.swift; path = ScheduleSearchService.swift; sourceTree = "<group>"; };
		F59AFDF02F2CF2C500918C20 /* AppTheme.swift */ = {isa = PBXFileReference; lastKnownFileType = sourcecode.swift; path = AppTheme.swift; sourceTree = "<group>"; };
		F59AFDF12F2CF2C500918C20 /* Localization.swift */ = {isa = PBXFileReference; lastKnownFileType = sourcecode.swift; path = Localization.swift; sourceTree = "<group>"; };
		F59AFDF32F2CF2C500918C20 /* ScheduleViewModel.swift */ = {isa = PBXFileReference; lastKnownFileType = sourcecode.swift; path = ScheduleViewModel.swift; sourceTree = "<group>"; };
		F59AFDF62F2CF2C500918C20 /* AddScheduleView.swift */ = {isa = PBXFileReference; lastKnownFileType = sourcecode.swift; path = AddScheduleView.swift; sourceTree = "<group>"; };
		F59AFDF82F2CF2C500918C20 /* GroupCardView.swift */ = {isa = PBXFileReference; lastKnownFileType = sourcecode.swift; path = GroupCardView.swift; sourceTree = "<group>"; };
		F59AFDF92F2CF2C500918C20 /* TabButton.swift */ = {isa = PBXFileReference; lastKnownFileType = sourcecode.swift; path = TabButton.swift; sourceTree = "<group>"; };
		F59AFDFB2F2CF2C500918C20 /* NotificationsTabView.swift */ = {isa = PBXFileReference; lastKnownFileType = sourcecode.swift; path = NotificationsTabView.swift; sourceTree = "<group>"; };
		F59AFDFD2F2CF2C500918C20 /* DiffView.swift */ = {isa = PBXFileReference; lastKnownFileType = sourcecode.swift; path = DiffView.swift; sourceTree = "<group>"; };
		F59AFDFE2F2CF2C500918C20 /* RenameGroupView.swift */ = {isa = PBXFileReference; lastKnownFileType = sourcecode.swift; path = RenameGroupView.swift; sourceTree = "<group>"; };
		F59AFDFF2F2CF2C500918C20 /* ScheduleDetailView.swift */ = {isa = PBXFileReference; lastKnownFileType = sourcecode.swift; path = ScheduleDetailView.swift; sourceTree = "<group>"; };
		F59AFE002F2CF2C500918C20 /* VisualScheduleView.swift */ = {isa = PBXFileReference; lastKnownFileType = sourcecode.swift; path = VisualScheduleView.swift; sourceTree = "<group>"; };
		F59AFE022F2CF2C500918C20 /* ContentView.swift */ = {isa = PBXFileReference; lastKnownFileType = sourcecode.swift; path = ContentView.swift; sourceTree = "<group>"; };
		F59AFE252F2CF2EF00918C20 /* Light_LvivTests.xctest */ = {isa = PBXFileReference; explicitFileType = wrapper.cfbundle; includeInIndex = 0; path = Light_LvivTests.xctest; sourceTree = BUILT_PRODUCTS_DIR; };
		F5AE4EF52F27F4B500796ADC /* Light_Lviv.app */ = {isa = PBXFileReference; explicitFileType = wrapper.application; includeInIndex = 0; path = Light_Lviv.app; sourceTree = BUILT_PRODUCTS_DIR; };
/* End PBXFileReference section */

/* Begin PBXFileSystemSynchronizedRootGroup section */
		F59AFE262F2CF2EF00918C20 /* Light_LvivTests */ = {
			isa = PBXFileSystemSynchronizedRootGroup;
			path = Light_LvivTests;
			sourceTree = "<group>";
		};
/* End PBXFileSystemSynchronizedRootGroup section */

/* Begin PBXFrameworksBuildPhase section */
		F59AFE222F2CF2EF00918C20 /* Frameworks */ = {
			isa = PBXFrameworksBuildPhase;
			buildActionMask = 2147483647;
			files = (
			);
			runOnlyForDeploymentPostprocessing = 0;
		};
		F5ACB8F42F2128BD00CDAD88 /* Frameworks */ = {
			isa = PBXFrameworksBuildPhase;
			buildActionMask = 2147483647;
			files = (
				F5C9210D2F23942B00C40371 /* SwiftSoup in Frameworks */,
			);
			runOnlyForDeploymentPostprocessing = 0;
		};
/* End PBXFrameworksBuildPhase section */

/* Begin PBXGroup section */
		F59AFDDD2F2CF2C500918C20 /* App */ = {
			isa = PBXGroup;
			children = (
				F59AFDDC2F2CF2C500918C20 /* Light_LvivApp.swift */,
			);
			path = App;
			sourceTree = "<group>";
		};
		F59AFDE62F2CF2C500918C20 /* Models */ = {
			isa = PBXGroup;
			children = (
				F59AFDE42F2CF2C500918C20 /* NotificationHistory.swift */,
				F59AFDE52F2CF2C500918C20 /* ScheduleGroup.swift */,
			);
			path = Models;
			sourceTree = "<group>";
		};
		F59AFDE92F2CF2C500918C20 /* Resources */ = {
			isa = PBXGroup;
			children = (
				F59AFDE72F2CF2C500918C20 /* Assets.xcassets */,
				F59AFDE82F2CF2C500918C20 /* Info.plist */,
			);
			path = Resources;
			sourceTree = "<group>";
		};
		F59AFDEF2F2CF2C500918C20 /* Services */ = {
			isa = PBXGroup;
			children = (
				F59AFDEA2F2CF2C500918C20 /* NotificationHistoryService.swift */,
				F59AFDEB2F2CF2C500918C20 /* NotificationManager.swift */,
				F59AFDEC2F2CF2C500918C20 /* PowerOffScraper.swift */,
				F59AFDED2F2CF2C500918C20 /* ScheduleParser.swift */,
				F59AFDEE2F2CF2C500918C20 /* ScheduleSearchService.swift */,
			);
			path = Services;
			sourceTree = "<group>";
		};
		F59AFDF22F2CF2C500918C20 /* Utilities */ = {
			isa = PBXGroup;
			children = (
				F59AFDF02F2CF2C500918C20 /* AppTheme.swift */,
				F59AFDF12F2CF2C500918C20 /* Localization.swift */,
			);
			path = Utilities;
			sourceTree = "<group>";
		};
		F59AFDF42F2CF2C500918C20 /* ViewModels */ = {
			isa = PBXGroup;
			children = (
				F59AFDF32F2CF2C500918C20 /* ScheduleViewModel.swift */,
			);
			path = ViewModels;
			sourceTree = "<group>";
		};
		F59AFDF72F2CF2C500918C20 /* Add */ = {
			isa = PBXGroup;
			children = (
				F59AFDF62F2CF2C500918C20 /* AddScheduleView.swift */,
			);
			path = Add;
			sourceTree = "<group>";
		};
		F59AFDFA2F2CF2C500918C20 /* Components */ = {
			isa = PBXGroup;
			children = (
				F59AFDF82F2CF2C500918C20 /* GroupCardView.swift */,
				F59AFDF92F2CF2C500918C20 /* TabButton.swift */,
			);
			path = Components;
			sourceTree = "<group>";
		};
		F59AFDFC2F2CF2C500918C20 /* Notifications */ = {
			isa = PBXGroup;
			children = (
				F59AFDFB2F2CF2C500918C20 /* NotificationsTabView.swift */,
			);
			path = Notifications;
			sourceTree = "<group>";
		};
		F59AFE012F2CF2C500918C20 /* Schedule */ = {
			isa = PBXGroup;
			children = (
				F59AFDFD2F2CF2C500918C20 /* DiffView.swift */,
				F59AFDFE2F2CF2C500918C20 /* RenameGroupView.swift */,
				F59AFDFF2F2CF2C500918C20 /* ScheduleDetailView.swift */,
				F59AFE002F2CF2C500918C20 /* VisualScheduleView.swift */,
			);
			path = Schedule;
			sourceTree = "<group>";
		};
		F59AFE032F2CF2C500918C20 /* Views */ = {
			isa = PBXGroup;
			children = (
				F59AFDF72F2CF2C500918C20 /* Add */,
				F59AFDFA2F2CF2C500918C20 /* Components */,
				F59AFDFC2F2CF2C500918C20 /* Notifications */,
				F59AFE012F2CF2C500918C20 /* Schedule */,
				F59AFE022F2CF2C500918C20 /* ContentView.swift */,
			);
			path = Views;
			sourceTree = "<group>";
		};
		F59AFE042F2CF2C500918C20 /* Products */ = {
			isa = PBXGroup;
			name = Products;
			sourceTree = "<group>";
		};
		F5ACB8EE2F2128BD00CDAD88 = {
			isa = PBXGroup;
			children = (
				F5AE4EF52F27F4B500796ADC /* Light_Lviv.app */,
				F59AFDDD2F2CF2C500918C20 /* App */,
				F59AFDDE2F2CF2C500918C20 /* Light_Lviv.xcodeproj */,
				F59AFDE62F2CF2C500918C20 /* Models */,
				F59AFDE92F2CF2C500918C20 /* Resources */,
				F59AFDEF2F2CF2C500918C20 /* Services */,
				F59AFDF22F2CF2C500918C20 /* Utilities */,
				F59AFDF42F2CF2C500918C20 /* ViewModels */,
				F59AFE032F2CF2C500918C20 /* Views */,
				F59AFE252F2CF2EF00918C20 /* Light_LvivTests.xctest */,
				F59AFE262F2CF2EF00918C20 /* Light_LvivTests */,
			);
			sourceTree = "<group>";
		};
/* End PBXGroup section */

/* Begin PBXNativeTarget section */
		F59AFE242F2CF2EF00918C20 /* Light_LvivTests */ = {
			isa = PBXNativeTarget;
			buildConfigurationList = F59AFE2B2F2CF2EF00918C20 /* Build configuration list for PBXNativeTarget "Light_LvivTests" */;
			buildPhases = (
				F59AFE212F2CF2EF00918C20 /* Sources */,
				F59AFE222F2CF2EF00918C20 /* Frameworks */,
				F59AFE232F2CF2EF00918C20 /* Resources */,
			);
			buildRules = (
			);
			dependencies = (
				F59AFE2A2F2CF2EF00918C20 /* PBXTargetDependency */,
			);
			fileSystemSynchronizedGroups = (
				F59AFE262F2CF2EF00918C20 /* Light_LvivTests */,
			);
			name = Light_LvivTests;
			packageProductDependencies = (
			);
			productName = Light_LvivTests;
			productReference = F59AFE252F2CF2EF00918C20 /* Light_LvivTests.xctest */;
			productType = "com.apple.product-type.bundle.unit-test";
		};
		F5ACB8F62F2128BD00CDAD88 /* Light_Lviv */ = {
			isa = PBXNativeTarget;
			buildConfigurationList = F5ACB9042F2128BE00CDAD88 /* Build configuration list for PBXNativeTarget "Light_Lviv" */;
			buildPhases = (
				F5ACB8F32F2128BD00CDAD88 /* Sources */,
				F5ACB8F42F2128BD00CDAD88 /* Frameworks */,
				F5ACB8F52F2128BD00CDAD88 /* Resources */,
			);
			buildRules = (
			);
			dependencies = (
			);
			name = Light_Lviv;
			packageProductDependencies = (
				F5C9210C2F23942B00C40371 /* SwiftSoup */,
			);
			productName = Light_Lviv;
			productReference = F5AE4EF52F27F4B500796ADC /* Light_Lviv.app */;
			productType = "com.apple.product-type.application";
		};
/* End PBXNativeTarget section */

/* Begin PBXProject section */
		F5ACB8EF2F2128BD00CDAD88 /* Project object */ = {
			isa = PBXProject;
			attributes = {
				BuildIndependentTargetsInParallel = 1;
				LastSwiftUpdateCheck = 2610;
				LastUpgradeCheck = 2610;
				TargetAttributes = {
					F59AFE242F2CF2EF00918C20 = {
						CreatedOnToolsVersion = 26.1;
						TestTargetID = F5ACB8F62F2128BD00CDAD88;
					};
					F5ACB8F62F2128BD00CDAD88 = {
						CreatedOnToolsVersion = 26.1;
					};
				};
			};
			buildConfigurationList = F5ACB8F22F2128BD00CDAD88 /* Build configuration list for PBXProject "Light_Lviv" */;
			developmentRegion = en;
			hasScannedForEncodings = 0;
			knownRegions = (
				en,
				Base,
			);
			mainGroup = F5ACB8EE2F2128BD00CDAD88;
			minimizedProjectReferenceProxies = 1;
			packageReferences = (
				F5C9210B2F23942B00C40371 /* XCRemoteSwiftPackageReference "SwiftSoup" */,
			);
			preferredProjectObjectVersion = 77;
			productRefGroup = F5ACB8EE2F2128BD00CDAD88;
			projectDirPath = "";
			projectReferences = (
				{
					ProductGroup = F59AFE042F2CF2C500918C20 /* Products */;
					ProjectRef = F59AFDDE2F2CF2C500918C20 /* Light_Lviv.xcodeproj */;
				},
			);
			projectRoot = "";
			targets = (
				F5ACB8F62F2128BD00CDAD88 /* Light_Lviv */,
				F59AFE242F2CF2EF00918C20 /* Light_LvivTests */,
			);
		};
/* End PBXProject section */

/* Begin PBXResourcesBuildPhase section */
		F59AFE232F2CF2EF00918C20 /* Resources */ = {
			isa = PBXResourcesBuildPhase;
			buildActionMask = 2147483647;
			files = (
			);
			runOnlyForDeploymentPostprocessing = 0;
		};
		F5ACB8F52F2128BD00CDAD88 /* Resources */ = {
			isa = PBXResourcesBuildPhase;
			buildActionMask = 2147483647;
			files = (
				F59AFE202F2CF2C500918C20 /* Assets.xcassets in Resources */,
			);
			runOnlyForDeploymentPostprocessing = 0;
		};
/* End PBXResourcesBuildPhase section */

/* Begin PBXSourcesBuildPhase section */
		F59AFE212F2CF2EF00918C20 /* Sources */ = {
			isa = PBXSourcesBuildPhase;
			buildActionMask = 2147483647;
			files = (
			);
			runOnlyForDeploymentPostprocessing = 0;
		};
		F5ACB8F32F2128BD00CDAD88 /* Sources */ = {
			isa = PBXSourcesBuildPhase;
			buildActionMask = 2147483647;
			files = (
				F59AFE062F2CF2C500918C20 /* RenameGroupView.swift in Sources */,
				F59AFE072F2CF2C500918C20 /* VisualScheduleView.swift in Sources */,
				F59AFE082F2CF2C500918C20 /* PowerOffScraper.swift in Sources */,
				F59AFE092F2CF2C500918C20 /* TabButton.swift in Sources */,
				F59AFE0B2F2CF2C500918C20 /* ScheduleDetailView.swift in Sources */,
				F59AFE0C2F2CF2C500918C20 /* NotificationManager.swift in Sources */,
				F59AFE0D2F2CF2C500918C20 /* ScheduleGroup.swift in Sources */,
				F59AFE0F2F2CF2C500918C20 /* AddScheduleView.swift in Sources */,
				F59AFE102F2CF2C500918C20 /* ScheduleParser.swift in Sources */,
				F59AFE112F2CF2C500918C20 /* ScheduleViewModel.swift in Sources */,
				F59AFE122F2CF2C500918C20 /* NotificationsTabView.swift in Sources */,
				F59AFE132F2CF2C500918C20 /* GroupCardView.swift in Sources */,
				F59AFE142F2CF2C500918C20 /* ScheduleSearchService.swift in Sources */,
				F59AFE152F2CF2C500918C20 /* Localization.swift in Sources */,
				F59AFE172F2CF2C500918C20 /* DiffView.swift in Sources */,
				F59AFE182F2CF2C500918C20 /* Light_LvivApp.swift in Sources */,
				F59AFE192F2CF2C500918C20 /* ContentView.swift in Sources */,
				F59AFE1A2F2CF2C500918C20 /* AppTheme.swift in Sources */,
				F59AFE1B2F2CF2C500918C20 /* NotificationHistory.swift in Sources */,
				F59AFE1C2F2CF2C500918C20 /* NotificationHistoryService.swift in Sources */,
			);
			runOnlyForDeploymentPostprocessing = 0;
		};
/* End PBXSourcesBuildPhase section */

/* Begin PBXTargetDependency section */
		F59AFE2A2F2CF2EF00918C20 /* PBXTargetDependency */ = {
			isa = PBXTargetDependency;
			target = F5ACB8F62F2128BD00CDAD88 /* Light_Lviv */;
			targetProxy = F59AFE292F2CF2EF00918C20 /* PBXContainerItemProxy */;
		};
/* End PBXTargetDependency section */

/* Begin XCBuildConfiguration section */
		F59AFE2C2F2CF2EF00918C20 /* Debug */ = {
			isa = XCBuildConfiguration;
			buildSettings = {
				BUNDLE_LOADER = "$(TEST_HOST)";
				CODE_SIGN_STYLE = Automatic;
				CURRENT_PROJECT_VERSION = 1;
				DEVELOPMENT_TEAM = C99Q5SCRVZ;
				GENERATE_INFOPLIST_FILE = YES;
				MARKETING_VERSION = 1.0;
				PRODUCT_BUNDLE_IDENTIFIER = "Shoode.Light-LvivTests";
				PRODUCT_NAME = "$(TARGET_NAME)";
				STRING_CATALOG_GENERATE_SYMBOLS = NO;
				SWIFT_APPROACHABLE_CONCURRENCY = YES;
				SWIFT_EMIT_LOC_STRINGS = NO;
				SWIFT_UPCOMING_FEATURE_MEMBER_IMPORT_VISIBILITY = YES;
				SWIFT_VERSION = 5.0;
				TARGETED_DEVICE_FAMILY = "1,2";
				TEST_HOST = "$(BUILT_PRODUCTS_DIR)/Light_Lviv.app/$(BUNDLE_EXECUTABLE_FOLDER_PATH)/Light_Lviv";
			};
			name = Debug;
		};
		F59AFE2D2F2CF2EF00918C20 /* Release */ = {
			isa = XCBuildConfiguration;
			buildSettings = {
				BUNDLE_LOADER = "$(TEST_HOST)";
				CODE_SIGN_STYLE = Automatic;
				CURRENT_PROJECT_VERSION = 1;
				DEVELOPMENT_TEAM = C99Q5SCRVZ;
				GENERATE_INFOPLIST_FILE = YES;
				MARKETING_VERSION = 1.0;
				PRODUCT_BUNDLE_IDENTIFIER = "Shoode.Light-LvivTests";
				PRODUCT_NAME = "$(TARGET_NAME)";
				STRING_CATALOG_GENERATE_SYMBOLS = NO;
				SWIFT_APPROACHABLE_CONCURRENCY = YES;
				SWIFT_EMIT_LOC_STRINGS = NO;
				SWIFT_UPCOMING_FEATURE_MEMBER_IMPORT_VISIBILITY = YES;
				SWIFT_VERSION = 5.0;
				TARGETED_DEVICE_FAMILY = "1,2";
				TEST_HOST = "$(BUILT_PRODUCTS_DIR)/Light_Lviv.app/$(BUNDLE_EXECUTABLE_FOLDER_PATH)/Light_Lviv";
			};
			name = Release;
		};
		F5ACB9052F2128BE00CDAD88 /* Debug */ = {
			isa = XCBuildConfiguration;
			buildSettings = {
				ASSETCATALOG_COMPILER_APPICON_NAME = AppIcon;
				ASSETCATALOG_COMPILER_GLOBAL_ACCENT_COLOR_NAME = AccentColor;
				CODE_SIGN_IDENTITY = "Apple Development";
				CODE_SIGN_STYLE = Automatic;
				CURRENT_PROJECT_VERSION = 1;
				DEVELOPMENT_TEAM = C99Q5SCRVZ;
				ENABLE_PREVIEWS = YES;
				GENERATE_INFOPLIST_FILE = YES;
				INFOPLIST_FILE = Resources/Info.plist;
				INFOPLIST_KEY_LSApplicationCategoryType = "public.app-category.utilities";
				INFOPLIST_KEY_UIApplicationSceneManifest_Generation = YES;
				INFOPLIST_KEY_UIApplicationSupportsIndirectInputEvents = YES;
				INFOPLIST_KEY_UILaunchScreen_Generation = YES;
				INFOPLIST_KEY_UIStatusBarStyle = "";
				INFOPLIST_KEY_UISupportedInterfaceOrientations_iPad = "UIInterfaceOrientationPortrait UIInterfaceOrientationPortraitUpsideDown UIInterfaceOrientationLandscapeLeft UIInterfaceOrientationLandscapeRight";
				INFOPLIST_KEY_UISupportedInterfaceOrientations_iPhone = "UIInterfaceOrientationPortrait UIInterfaceOrientationLandscapeLeft UIInterfaceOrientationLandscapeRight";
				INFOPLIST_KEY_UISupportsDocumentBrowser = YES;
				IPHONEOS_DEPLOYMENT_TARGET = 26.0;
				LD_RUNPATH_SEARCH_PATHS = (
					"$(inherited)",
					"@executable_path/Frameworks",
				);
				MARKETING_VERSION = 0.1;
				PRODUCT_BUNDLE_IDENTIFIER = "Shoode.Light-Lviv";
				PRODUCT_NAME = "$(TARGET_NAME)";
				PROVISIONING_PROFILE_SPECIFIER = "";
				STRING_CATALOG_GENERATE_SYMBOLS = YES;
				SWIFT_APPROACHABLE_CONCURRENCY = YES;
				SWIFT_DEFAULT_ACTOR_ISOLATION = MainActor;
				SWIFT_EMIT_LOC_STRINGS = YES;
				SWIFT_UPCOMING_FEATURE_MEMBER_IMPORT_VISIBILITY = YES;
				SWIFT_VERSION = 5.0;
				TARGETED_DEVICE_FAMILY = "1,2";
			};
			name = Debug;
		};
		F5ACB9062F2128BE00CDAD88 /* Release */ = {
			isa = XCBuildConfiguration;
			buildSettings = {
				ASSETCATALOG_COMPILER_APPICON_NAME = AppIcon;
				ASSETCATALOG_COMPILER_GLOBAL_ACCENT_COLOR_NAME = AccentColor;
				CODE_SIGN_IDENTITY = "Apple Development";
				CODE_SIGN_STYLE = Automatic;
				CURRENT_PROJECT_VERSION = 1;
				DEVELOPMENT_TEAM = C99Q5SCRVZ;
				ENABLE_PREVIEWS = YES;
				GENERATE_INFOPLIST_FILE = YES;
				INFOPLIST_FILE = Resources/Info.plist;
				INFOPLIST_KEY_LSApplicationCategoryType = "public.app-category.utilities";
				INFOPLIST_KEY_UIApplicationSceneManifest_Generation = YES;
				INFOPLIST_KEY_UIApplicationSupportsIndirectInputEvents = YES;
				INFOPLIST_KEY_UILaunchScreen_Generation = YES;
				INFOPLIST_KEY_UIStatusBarStyle = "";
				INFOPLIST_KEY_UISupportedInterfaceOrientations_iPad = "UIInterfaceOrientationPortrait UIInterfaceOrientationPortraitUpsideDown UIInterfaceOrientationLandscapeLeft UIInterfaceOrientationLandscapeRight";
				INFOPLIST_KEY_UISupportedInterfaceOrientations_iPhone = "UIInterfaceOrientationPortrait UIInterfaceOrientationLandscapeLeft UIInterfaceOrientationLandscapeRight";
				INFOPLIST_KEY_UISupportsDocumentBrowser = YES;
				IPHONEOS_DEPLOYMENT_TARGET = 26.0;
				LD_RUNPATH_SEARCH_PATHS = (
					"$(inherited)",
					"@executable_path/Frameworks",
				);
				MARKETING_VERSION = 0.1;
				ONLY_ACTIVE_ARCH = YES;
				PRODUCT_BUNDLE_IDENTIFIER = "Shoode.Light-Lviv";
				PRODUCT_NAME = "$(TARGET_NAME)";
				PROVISIONING_PROFILE_SPECIFIER = "";
				STRING_CATALOG_GENERATE_SYMBOLS = YES;
				SWIFT_APPROACHABLE_CONCURRENCY = YES;
				SWIFT_DEFAULT_ACTOR_ISOLATION = MainActor;
				SWIFT_EMIT_LOC_STRINGS = YES;
				SWIFT_UPCOMING_FEATURE_MEMBER_IMPORT_VISIBILITY = YES;
				SWIFT_VERSION = 5.0;
				TARGETED_DEVICE_FAMILY = "1,2";
			};
			name = Release;
		};
		F5ACB9072F2128BE00CDAD88 /* Debug */ = {
			isa = XCBuildConfiguration;
			buildSettings = {
				ALWAYS_SEARCH_USER_PATHS = NO;
				ASSETCATALOG_COMPILER_GENERATE_SWIFT_ASSET_SYMBOL_EXTENSIONS = YES;
				CLANG_ANALYZER_NONNULL = YES;
				CLANG_ANALYZER_NUMBER_OBJECT_CONVERSION = YES_AGGRESSIVE;
				CLANG_CXX_LANGUAGE_STANDARD = "gnu++20";
				CLANG_ENABLE_MODULES = YES;
				CLANG_ENABLE_OBJC_ARC = YES;
				CLANG_ENABLE_OBJC_WEAK = YES;
				CLANG_WARN_BLOCK_CAPTURE_AUTORELEASING = YES;
				CLANG_WARN_BOOL_CONVERSION = YES;
				CLANG_WARN_COMMA = YES;
				CLANG_WARN_CONSTANT_CONVERSION = YES;
				CLANG_WARN_DEPRECATED_OBJC_IMPLEMENTATIONS = YES;
				CLANG_WARN_DIRECT_OBJC_ISA_USAGE = YES_ERROR;
				CLANG_WARN_DOCUMENTATION_COMMENTS = YES;
				CLANG_WARN_EMPTY_BODY = YES;
				CLANG_WARN_ENUM_CONVERSION = YES;
				CLANG_WARN_INFINITE_RECURSION = YES;
				CLANG_WARN_INT_CONVERSION = YES;
				CLANG_WARN_NON_LITERAL_NULL_CONVERSION = YES;
				CLANG_WARN_OBJC_IMPLICIT_RETAIN_SELF = YES;
				CLANG_WARN_OBJC_LITERAL_CONVERSION = YES;
				CLANG_WARN_OBJC_ROOT_CLASS = YES_ERROR;
				CLANG_WARN_QUOTED_INCLUDE_IN_FRAMEWORK_HEADER = YES;
				CLANG_WARN_RANGE_LOOP_ANALYSIS = YES;
				CLANG_WARN_STRICT_PROTOTYPES = YES;
				CLANG_WARN_SUSPICIOUS_MOVE = YES;
				CLANG_WARN_UNGUARDED_AVAILABILITY = YES_AGGRESSIVE;
				CLANG_WARN_UNREACHABLE_CODE = YES;
				CLANG_WARN__DUPLICATE_METHOD_MATCH = YES;
				COPY_PHASE_STRIP = NO;
				DEBUG_INFORMATION_FORMAT = dwarf;
				ENABLE_STRICT_OBJC_MSGSEND = YES;
				ENABLE_TESTABILITY = YES;
				ENABLE_USER_SCRIPT_SANDBOXING = YES;
				GCC_C_LANGUAGE_STANDARD = gnu17;
				GCC_DYNAMIC_NO_PIC = NO;
				GCC_NO_COMMON_BLOCKS = YES;
				GCC_OPTIMIZATION_LEVEL = 0;
				GCC_PREPROCESSOR_DEFINITIONS = (
					"DEBUG=1",
					"$(inherited)",
				);
				GCC_WARN_64_TO_32_BIT_CONVERSION = YES;
				GCC_WARN_ABOUT_RETURN_TYPE = YES_ERROR;
				GCC_WARN_UNDECLARED_SELECTOR = YES;
				GCC_WARN_UNINITIALIZED_AUTOS = YES_AGGRESSIVE;
				GCC_WARN_UNUSED_FUNCTION = YES;
				GCC_WARN_UNUSED_VARIABLE = YES;
				IPHONEOS_DEPLOYMENT_TARGET = 26.1;
				LOCALIZATION_PREFERS_STRING_CATALOGS = YES;
				MTL_ENABLE_DEBUG_INFO = INCLUDE_SOURCE;
				MTL_FAST_MATH = YES;
				ONLY_ACTIVE_ARCH = YES;
				SDKROOT = iphoneos;
				SWIFT_ACTIVE_COMPILATION_CONDITIONS = "DEBUG $(inherited)";
				SWIFT_OPTIMIZATION_LEVEL = "-Onone";
			};
			name = Debug;
		};
		F5ACB9082F2128BE00CDAD88 /* Release */ = {
			isa = XCBuildConfiguration;
			buildSettings = {
				ALWAYS_SEARCH_USER_PATHS = NO;
				ASSETCATALOG_COMPILER_GENERATE_SWIFT_ASSET_SYMBOL_EXTENSIONS = YES;
				CLANG_ANALYZER_NONNULL = YES;
				CLANG_ANALYZER_NUMBER_OBJECT_CONVERSION = YES_AGGRESSIVE;
				CLANG_CXX_LANGUAGE_STANDARD = "gnu++20";
				CLANG_ENABLE_MODULES = YES;
				CLANG_ENABLE_OBJC_ARC = YES;
				CLANG_ENABLE_OBJC_WEAK = YES;
				CLANG_WARN_BLOCK_CAPTURE_AUTORELEASING = YES;
				CLANG_WARN_BOOL_CONVERSION = YES;
				CLANG_WARN_COMMA = YES;
				CLANG_WARN_CONSTANT_CONVERSION = YES;
				CLANG_WARN_DEPRECATED_OBJC_IMPLEMENTATIONS = YES;
				CLANG_WARN_DIRECT_OBJC_ISA_USAGE = YES_ERROR;
				CLANG_WARN_DOCUMENTATION_COMMENTS = YES;
				CLANG_WARN_EMPTY_BODY = YES;
				CLANG_WARN_ENUM_CONVERSION = YES;
				CLANG_WARN_INFINITE_RECURSION = YES;
				CLANG_WARN_INT_CONVERSION = YES;
				CLANG_WARN_NON_LITERAL_NULL_CONVERSION = YES;
				CLANG_WARN_OBJC_IMPLICIT_RETAIN_SELF = YES;
				CLANG_WARN_OBJC_LITERAL_CONVERSION = YES;
				CLANG_WARN_OBJC_ROOT_CLASS = YES_ERROR;
				CLANG_WARN_QUOTED_INCLUDE_IN_FRAMEWORK_HEADER = YES;
				CLANG_WARN_RANGE_LOOP_ANALYSIS = YES;
				CLANG_WARN_STRICT_PROTOTYPES = YES;
				CLANG_WARN_SUSPICIOUS_MOVE = YES;
				CLANG_WARN_UNGUARDED_AVAILABILITY = YES_AGGRESSIVE;
				CLANG_WARN_UNREACHABLE_CODE = YES;
				CLANG_WARN__DUPLICATE_METHOD_MATCH = YES;
				COPY_PHASE_STRIP = NO;
				DEBUG_INFORMATION_FORMAT = "dwarf-with-dsym";
				ENABLE_NS_ASSERTIONS = NO;
				ENABLE_STRICT_OBJC_MSGSEND = YES;
				ENABLE_USER_SCRIPT_SANDBOXING = YES;
				GCC_C_LANGUAGE_STANDARD = gnu17;
				GCC_NO_COMMON_BLOCKS = YES;
				GCC_WARN_64_TO_32_BIT_CONVERSION = YES;
				GCC_WARN_ABOUT_RETURN_TYPE = YES_ERROR;
				GCC_WARN_UNDECLARED_SELECTOR = YES;
				GCC_WARN_UNINITIALIZED_AUTOS = YES_AGGRESSIVE;
				GCC_WARN_UNUSED_FUNCTION = YES;
				GCC_WARN_UNUSED_VARIABLE = YES;
				IPHONEOS_DEPLOYMENT_TARGET = 26.1;
				LOCALIZATION_PREFERS_STRING_CATALOGS = YES;
				MTL_ENABLE_DEBUG_INFO = NO;
				MTL_FAST_MATH = YES;
				SDKROOT = iphoneos;
				SWIFT_COMPILATION_MODE = wholemodule;
				VALIDATE_PRODUCT = YES;
			};
			name = Release;
		};
/* End XCBuildConfiguration section */

/* Begin XCConfigurationList section */
		F59AFE2B2F2CF2EF00918C20 /* Build configuration list for PBXNativeTarget "Light_LvivTests" */ = {
			isa = XCConfigurationList;
			buildConfigurations = (
				F59AFE2C2F2CF2EF00918C20 /* Debug */,
				F59AFE2D2F2CF2EF00918C20 /* Release */,
			);
			defaultConfigurationIsVisible = 0;
			defaultConfigurationName = Release;
		};
		F5ACB8F22F2128BD00CDAD88 /* Build configuration list for PBXProject "Light_Lviv" */ = {
			isa = XCConfigurationList;
			buildConfigurations = (
				F5ACB9072F2128BE00CDAD88 /* Debug */,
				F5ACB9082F2128BE00CDAD88 /* Release */,
			);
			defaultConfigurationIsVisible = 0;
			defaultConfigurationName = Release;
		};
		F5ACB9042F2128BE00CDAD88 /* Build configuration list for PBXNativeTarget "Light_Lviv" */ = {
			isa = XCConfigurationList;
			buildConfigurations = (
				F5ACB9052F2128BE00CDAD88 /* Debug */,
				F5ACB9062F2128BE00CDAD88 /* Release */,
			);
			defaultConfigurationIsVisible = 0;
			defaultConfigurationName = Release;
		};
/* End XCConfigurationList section */

/* Begin XCRemoteSwiftPackageReference section */
		F5C9210B2F23942B00C40371 /* XCRemoteSwiftPackageReference "SwiftSoup" */ = {
			isa = XCRemoteSwiftPackageReference;
			repositoryURL = "https://github.com/scinfu/SwiftSoup";
			requirement = {
				kind = upToNextMajorVersion;
				minimumVersion = 2.11.3;
			};
		};
/* End XCRemoteSwiftPackageReference section */

/* Begin XCSwiftPackageProductDependency section */
		F5C9210C2F23942B00C40371 /* SwiftSoup */ = {
			isa = XCSwiftPackageProductDependency;
			package = F5C9210B2F23942B00C40371 /* XCRemoteSwiftPackageReference "SwiftSoup" */;
			productName = SwiftSoup;
		};
/* End XCSwiftPackageProductDependency section */
	};
	rootObject = F5ACB8EF2F2128BD00CDAD88 /* Project object */;
}
